
Microsoft Visual Studio Solution File, Format Version 12.00
# Visual Studio Version 16
VisualStudioVersion = 16.0.31424.327
MinimumVisualStudioVersion = 10.0.40219.1
Project("{FAE04EC0-301F-11D3-BF4B-00C04F79EFBC}") = "ZooManagerNET", "ZooManagerNET.csproj", "{3CAFD43F-964E-491A-80CD-E73FD2167B98}"
EndProject
Global
	GlobalSection(SolutionConfigurationPlatforms) = preSolution
		Debug|Any CPU = Debug|Any CPU
		Release|Any CPU = Release|Any CPU
	EndGlobalSection
	GlobalSection(ProjectConfigurationPlatforms) = postSolution
		{3CAFD43F-964E-491A-80CD-E73FD2167B98}.Debug|Any CPU.ActiveCfg = Debug|Any CPU
		{3CAFD43F-964E-491A-80CD-E73FD2167B98}.Debug|Any CPU.Build.0 = Debug|Any CPU
		{3CAFD43F-964E-491A-80CD-E73FD2167B98}.Release|Any CPU.ActiveCfg = Release|Any CPU
		{3CAFD43F-964E-491A-80CD-E73FD2167B98}.Release|Any CPU.Build.0 = Release|Any CPU
	EndGlobalSection
	GlobalSection(SolutionProperties) = preSolution
		HideSolutionNode = FALSE
	EndGlobalSection
	GlobalSection(ExtensibilityGlobals) = postSolution
		SolutionGuid = {0A56A44F-2E45-465E-9459-B58B552F457B}
	EndGlobalSection
EndGlobal
